
Microsoft Visual Studio Solution File, Format Version 12.00
# Visual Studio Version 17
VisualStudioVersion = 17.11.35219.272
MinimumVisualStudioVersion = 10.0.40219.1
Project("{FAE04EC0-301F-11D3-BF4B-00C04F79EFBC}") = "Herencias", "Herencias\Herencias.csproj", "{B335C45F-0C68-4A10-AF82-91C7B67652FF}"
EndProject
Project("{FAE04EC0-301F-11D3-BF4B-00C04F79EFBC}") = "Herencia.Entidades", "Herencia.Entidades\Herencia.Entidades.csproj", "{CC18F79A-DF9E-47CA-9652-AB0F5370ED30}"
EndProject
Project("{2150E333-8FDC-42A3-9474-1A3956D46DE8}") = "1", "1", "{BBCBC36E-4608-48AC-A190-DF9656AEB85E}"
EndProject
Project("{2150E333-8FDC-42A3-9474-1A3956D46DE8}") = "2", "2", "{E746C9FD-4D9C-47F6-AF8F-CAE2C4B35B7B}"
EndProject
Project("{FAE04EC0-301F-11D3-BF4B-00C04F79EFBC}") = "Herencia.Consola", "Herencia.Consola\Herencia.Consola.csproj", "{A6864F78-06B6-4D96-A928-9129D522A494}"
EndProject
Project("{FAE04EC0-301F-11D3-BF4B-00C04F79EFBC}") = "Herencia.Entidades02", "Herencia.Entidades02\Herencia.Entidades02.csproj", "{1E2E1FA0-8BAB-4E1D-B76D-B5B6BA381732}"
EndProject
Project("{2150E333-8FDC-42A3-9474-1A3956D46DE8}") = "3", "3", "{894EACC4-6DD8-4009-B68E-734C1CE0FF2F}"
EndProject
Project("{2150E333-8FDC-42A3-9474-1A3956D46DE8}") = "4", "4", "{DE7D53F9-122E-4200-A4E3-3EBC20C918E0}"
EndProject
Project("{2150E333-8FDC-42A3-9474-1A3956D46DE8}") = "5", "5", "{5A1291D9-D940-4DF4-BF56-81FD38E06EC5}"
EndProject
Project("{2150E333-8FDC-42A3-9474-1A3956D46DE8}") = "6", "6", "{759CE093-1BD1-4894-8646-7C88B25A722B}"
EndProject
Project("{2150E333-8FDC-42A3-9474-1A3956D46DE8}") = "7", "7", "{E96ED656-F907-40B6-891D-354D536241E5}"
EndProject
Project("{FAE04EC0-301F-11D3-BF4B-00C04F79EFBC}") = "Herencia.Consola03", "Herencia.Consola03\Herencia.Consola03.csproj", "{6272A5EC-633F-4B65-9090-C23A3AD3E964}"
EndProject
Project("{FAE04EC0-301F-11D3-BF4B-00C04F79EFBC}") = "Herencia.Entidades03", "Herencia.Entidades03\Herencia.Entidades03.csproj", "{FBE7BEA9-9DC6-4D93-9698-D6D2F2C117B5}"
EndProject
Project("{FAE04EC0-301F-11D3-BF4B-00C04F79EFBC}") = "Herencia.Consola04", "Herencia.Consola04\Herencia.Consola04.csproj", "{1D785B81-26B6-43E7-A7AF-FB0490D8A6DD}"
EndProject
Project("{FAE04EC0-301F-11D3-BF4B-00C04F79EFBC}") = "Herencia.Entidades04", "Herencia.Entidades04\Herencia.Entidades04.csproj", "{F44D0350-6D68-4553-835A-C49F22034274}"
EndProject
Project("{FAE04EC0-301F-11D3-BF4B-00C04F79EFBC}") = "WinFormsApp", "WinFormsApp\WinFormsApp.csproj", "{A35C859B-25A8-42BF-92D8-30A904F07406}"
EndProject
Global
	GlobalSection(SolutionConfigurationPlatforms) = preSolution
		Debug|Any CPU = Debug|Any CPU
		Release|Any CPU = Release|Any CPU
	EndGlobalSection
	GlobalSection(ProjectConfigurationPlatforms) = postSolution
		{B335C45F-0C68-4A10-AF82-91C7B67652FF}.Debug|Any CPU.ActiveCfg = Debug|Any CPU
		{B335C45F-0C68-4A10-AF82-91C7B67652FF}.Debug|Any CPU.Build.0 = Debug|Any CPU
		{B335C45F-0C68-4A10-AF82-91C7B67652FF}.Release|Any CPU.ActiveCfg = Release|Any CPU
		{B335C45F-0C68-4A10-AF82-91C7B67652FF}.Release|Any CPU.Build.0 = Release|Any CPU
		{CC18F79A-DF9E-47CA-9652-AB0F5370ED30}.Debug|Any CPU.ActiveCfg = Debug|Any CPU
		{CC18F79A-DF9E-47CA-9652-AB0F5370ED30}.Debug|Any CPU.Build.0 = Debug|Any CPU
		{CC18F79A-DF9E-47CA-9652-AB0F5370ED30}.Release|Any CPU.ActiveCfg = Release|Any CPU
		{CC18F79A-DF9E-47CA-9652-AB0F5370ED30}.Release|Any CPU.Build.0 = Release|Any CPU
		{A6864F78-06B6-4D96-A928-9129D522A494}.Debug|Any CPU.ActiveCfg = Debug|Any CPU
		{A6864F78-06B6-4D96-A928-9129D522A494}.Debug|Any CPU.Build.0 = Debug|Any CPU
		{A6864F78-06B6-4D96-A928-9129D522A494}.Release|Any CPU.ActiveCfg = Release|Any CPU
		{A6864F78-06B6-4D96-A928-9129D522A494}.Release|Any CPU.Build.0 = Release|Any CPU
		{1E2E1FA0-8BAB-4E1D-B76D-B5B6BA381732}.Debug|Any CPU.ActiveCfg = Debug|Any CPU
		{1E2E1FA0-8BAB-4E1D-B76D-B5B6BA381732}.Debug|Any CPU.Build.0 = Debug|Any CPU
		{1E2E1FA0-8BAB-4E1D-B76D-B5B6BA381732}.Release|Any CPU.ActiveCfg = Release|Any CPU
		{1E2E1FA0-8BAB-4E1D-B76D-B5B6BA381732}.Release|Any CPU.Build.0 = Release|Any CPU
		{6272A5EC-633F-4B65-9090-C23A3AD3E964}.Debug|Any CPU.ActiveCfg = Debug|Any CPU
		{6272A5EC-633F-4B65-9090-C23A3AD3E964}.Debug|Any CPU.Build.0 = Debug|Any CPU
		{6272A5EC-633F-4B65-9090-C23A3AD3E964}.Release|Any CPU.ActiveCfg = Release|Any CPU
		{6272A5EC-633F-4B65-9090-C23A3AD3E964}.Release|Any CPU.Build.0 = Release|Any CPU
		{FBE7BEA9-9DC6-4D93-9698-D6D2F2C117B5}.Debug|Any CPU.ActiveCfg = Debug|Any CPU
		{FBE7BEA9-9DC6-4D93-9698-D6D2F2C117B5}.Debug|Any CPU.Build.0 = Debug|Any CPU
		{FBE7BEA9-9DC6-4D93-9698-D6D2F2C117B5}.Release|Any CPU.ActiveCfg = Release|Any CPU
		{FBE7BEA9-9DC6-4D93-9698-D6D2F2C117B5}.Release|Any CPU.Build.0 = Release|Any CPU
		{1D785B81-26B6-43E7-A7AF-FB0490D8A6DD}.Debug|Any CPU.ActiveCfg = Debug|Any CPU
		{1D785B81-26B6-43E7-A7AF-FB0490D8A6DD}.Debug|Any CPU.Build.0 = Debug|Any CPU
		{1D785B81-26B6-43E7-A7AF-FB0490D8A6DD}.Release|Any CPU.ActiveCfg = Release|Any CPU
		{1D785B81-26B6-43E7-A7AF-FB0490D8A6DD}.Release|Any CPU.Build.0 = Release|Any CPU
		{F44D0350-6D68-4553-835A-C49F22034274}.Debug|Any CPU.ActiveCfg = Debug|Any CPU
		{F44D0350-6D68-4553-835A-C49F22034274}.Debug|Any CPU.Build.0 = Debug|Any CPU
		{F44D0350-6D68-4553-835A-C49F22034274}.Release|Any CPU.ActiveCfg = Release|Any CPU
		{F44D0350-6D68-4553-835A-C49F22034274}.Release|Any CPU.Build.0 = Release|Any CPU
		{A35C859B-25A8-42BF-92D8-30A904F07406}.Debug|Any CPU.ActiveCfg = Debug|Any CPU
		{A35C859B-25A8-42BF-92D8-30A904F07406}.Debug|Any CPU.Build.0 = Debug|Any CPU
		{A35C859B-25A8-42BF-92D8-30A904F07406}.Release|Any CPU.ActiveCfg = Release|Any CPU
		{A35C859B-25A8-42BF-92D8-30A904F07406}.Release|Any CPU.Build.0 = Release|Any CPU
	EndGlobalSection
	GlobalSection(SolutionProperties) = preSolution
		HideSolutionNode = FALSE
	EndGlobalSection
	GlobalSection(NestedProjects) = preSolution
		{B335C45F-0C68-4A10-AF82-91C7B67652FF} = {BBCBC36E-4608-48AC-A190-DF9656AEB85E}
		{CC18F79A-DF9E-47CA-9652-AB0F5370ED30} = {BBCBC36E-4608-48AC-A190-DF9656AEB85E}
		{A6864F78-06B6-4D96-A928-9129D522A494} = {E746C9FD-4D9C-47F6-AF8F-CAE2C4B35B7B}
		{1E2E1FA0-8BAB-4E1D-B76D-B5B6BA381732} = {E746C9FD-4D9C-47F6-AF8F-CAE2C4B35B7B}
		{6272A5EC-633F-4B65-9090-C23A3AD3E964} = {894EACC4-6DD8-4009-B68E-734C1CE0FF2F}
		{FBE7BEA9-9DC6-4D93-9698-D6D2F2C117B5} = {894EACC4-6DD8-4009-B68E-734C1CE0FF2F}
		{1D785B81-26B6-43E7-A7AF-FB0490D8A6DD} = {DE7D53F9-122E-4200-A4E3-3EBC20C918E0}
		{F44D0350-6D68-4553-835A-C49F22034274} = {DE7D53F9-122E-4200-A4E3-3EBC20C918E0}
		{A35C859B-25A8-42BF-92D8-30A904F07406} = {DE7D53F9-122E-4200-A4E3-3EBC20C918E0}
	EndGlobalSection
	GlobalSection(ExtensibilityGlobals) = postSolution
		SolutionGuid = {47E047DF-60EF-4E7E-B237-7FC6BA4B7C24}
	EndGlobalSection
EndGlobal
